
Microsoft Visual Studio Solution File, Format Version 12.00
# Visual Studio Version 17
VisualStudioVersion = 17.13.35825.156 d17.13
MinimumVisualStudioVersion = 10.0.40219.1
Project("{FAE04EC0-301F-11D3-BF4B-00C04F79EFBC}") = "HelloWorldWinform", "HelloWorldWinform.csproj", "{1D3C2D19-BEB4-43D1-8BBF-3490D1AC3160}"
EndProject
Global
	GlobalSection(SolutionConfigurationPlatforms) = preSolution
		Debug|Any CPU = Debug|Any CPU
		Release|Any CPU = Release|Any CPU
	EndGlobalSection
	GlobalSection(ProjectConfigurationPlatforms) = postSolution
		{1D3C2D19-BEB4-43D1-8BBF-3490D1AC3160}.Debug|Any CPU.ActiveCfg = Debug|Any CPU
		{1D3C2D19-BEB4-43D1-8BBF-3490D1AC3160}.Debug|Any CPU.Build.0 = Debug|Any CPU
		{1D3C2D19-BEB4-43D1-8BBF-3490D1AC3160}.Release|Any CPU.ActiveCfg = Release|Any CPU
		{1D3C2D19-BEB4-43D1-8BBF-3490D1AC3160}.Release|Any CPU.Build.0 = Release|Any CPU
	EndGlobalSection
	GlobalSection(SolutionProperties) = preSolution
		HideSolutionNode = FALSE
	EndGlobalSection
	GlobalSection(ExtensibilityGlobals) = postSolution
		SolutionGuid = {A2E66ED6-6BD3-4664-A552-6BB2371EC7E6}
	EndGlobalSection
EndGlobal
